
Microsoft Visual Studio Solution File, Format Version 12.00
# Visual Studio Version 17
VisualStudioVersion = 17.9.34728.123
MinimumVisualStudioVersion = 10.0.40219.1
Project("{FAE04EC0-301F-11D3-BF4B-00C04F79EFBC}") = "TornWarTracker", "TornWarTracker.csproj", "{D9728178-2C23-47BB-AB5B-BFD1BBF5AE8F}"
EndProject
Global
	GlobalSection(SolutionConfigurationPlatforms) = preSolution
		Debug|Any CPU = Debug|Any CPU
		Release|Any CPU = Release|Any CPU
	EndGlobalSection
	GlobalSection(ProjectConfigurationPlatforms) = postSolution
		{D9728178-2C23-47BB-AB5B-BFD1BBF5AE8F}.Debug|Any CPU.ActiveCfg = Debug|Any CPU
		{D9728178-2C23-47BB-AB5B-BFD1BBF5AE8F}.Debug|Any CPU.Build.0 = Debug|Any CPU
		{D9728178-2C23-47BB-AB5B-BFD1BBF5AE8F}.Release|Any CPU.ActiveCfg = Release|Any CPU
		{D9728178-2C23-47BB-AB5B-BFD1BBF5AE8F}.Release|Any CPU.Build.0 = Release|Any CPU
	EndGlobalSection
	GlobalSection(SolutionProperties) = preSolution
		HideSolutionNode = FALSE
	EndGlobalSection
	GlobalSection(ExtensibilityGlobals) = postSolution
		SolutionGuid = {97CA3A29-D454-4BB9-AD50-D93217CB8C09}
	EndGlobalSection
EndGlobal
